
Microsoft Visual Studio Solution File, Format Version 12.00
# Visual Studio 14
VisualStudioVersion = 14.0.25123.0
MinimumVisualStudioVersion = 10.0.40219.1
Project("{FAE04EC0-301F-11D3-BF4B-00C04F79EFBC}") = "CookSmartCommandLine", "CookSmartCommandLine\CookSmartCommandLine.csproj", "{A15D734B-191D-4E09-A7E0-09561A87D971}"
EndProject
Project("{FAE04EC0-301F-11D3-BF4B-00C04F79EFBC}") = "CookSmartXamarinApp.Droid", "CookSmartXamarinApp\CookSmartXamarinApp.Droid\CookSmartXamarinApp.Droid.csproj", "{FD0B9176-5D3C-4A40-82DC-42307B63646F}"
EndProject
Project("{FAE04EC0-301F-11D3-BF4B-00C04F79EFBC}") = "CookSmartXamarinApp.iOS", "CookSmartXamarinApp\CookSmartXamarinApp.iOS\CookSmartXamarinApp.iOS.csproj", "{9988E480-353A-443D-A470-CCACCC4F3DF9}"
EndProject
Project("{FAE04EC0-301F-11D3-BF4B-00C04F79EFBC}") = "CookSmartXamarinApp.WinPhone", "CookSmartXamarinApp\CookSmartXamarinApp.WinPhone\CookSmartXamarinApp.WinPhone.csproj", "{39983FE5-9A02-41EB-A86D-B32BABEFAB14}"
EndProject
Project("{FAE04EC0-301F-11D3-BF4B-00C04F79EFBC}") = "CookSmartXamarinApp.UWP", "CookSmartXamarinApp\CookSmartXamarinApp.UWP\CookSmartXamarinApp.UWP.csproj", "{9A4B9A6F-BD24-4A55-B257-858CB47E07ED}"
EndProject
Project("{FAE04EC0-301F-11D3-BF4B-00C04F79EFBC}") = "CookSmartXamarinApp.Windows", "CookSmartXamarinApp\CookSmartXamarinApp.Windows\CookSmartXamarinApp.Windows.csproj", "{DBE1F833-6379-424E-A8E0-FD644E5944D9}"
EndProject
Project("{FAE04EC0-301F-11D3-BF4B-00C04F79EFBC}") = "CookSmartXamarinApp", "CookSmartXamarinApp\CookSmartXamarinApp\CookSmartXamarinApp.csproj", "{7ED73292-8E52-41A6-999A-54EF695FAD14}"
EndProject
Global
	GlobalSection(SolutionConfigurationPlatforms) = preSolution
		Ad-Hoc|Any CPU = Ad-Hoc|Any CPU
		Ad-Hoc|ARM = Ad-Hoc|ARM
		Ad-Hoc|iPhone = Ad-Hoc|iPhone
		Ad-Hoc|iPhoneSimulator = Ad-Hoc|iPhoneSimulator
		Ad-Hoc|x64 = Ad-Hoc|x64
		Ad-Hoc|x86 = Ad-Hoc|x86
		AppStore|Any CPU = AppStore|Any CPU
		AppStore|ARM = AppStore|ARM
		AppStore|iPhone = AppStore|iPhone
		AppStore|iPhoneSimulator = AppStore|iPhoneSimulator
		AppStore|x64 = AppStore|x64
		AppStore|x86 = AppStore|x86
		Debug|Any CPU = Debug|Any CPU
		Debug|ARM = Debug|ARM
		Debug|iPhone = Debug|iPhone
		Debug|iPhoneSimulator = Debug|iPhoneSimulator
		Debug|x64 = Debug|x64
		Debug|x86 = Debug|x86
		Release|Any CPU = Release|Any CPU
		Release|ARM = Release|ARM
		Release|iPhone = Release|iPhone
		Release|iPhoneSimulator = Release|iPhoneSimulator
		Release|x64 = Release|x64
		Release|x86 = Release|x86
	EndGlobalSection
	GlobalSection(ProjectConfigurationPlatforms) = postSolution
		{A15D734B-191D-4E09-A7E0-09561A87D971}.Ad-Hoc|Any CPU.ActiveCfg = Release|Any CPU
		{A15D734B-191D-4E09-A7E0-09561A87D971}.Ad-Hoc|Any CPU.Build.0 = Release|Any CPU
		{A15D734B-191D-4E09-A7E0-09561A87D971}.Ad-Hoc|ARM.ActiveCfg = Release|Any CPU
		{A15D734B-191D-4E09-A7E0-09561A87D971}.Ad-Hoc|ARM.Build.0 = Release|Any CPU
		{A15D734B-191D-4E09-A7E0-09561A87D971}.Ad-Hoc|iPhone.ActiveCfg = Release|Any CPU
		{A15D734B-191D-4E09-A7E0-09561A87D971}.Ad-Hoc|iPhone.Build.0 = Release|Any CPU
		{A15D734B-191D-4E09-A7E0-09561A87D971}.Ad-Hoc|iPhoneSimulator.ActiveCfg = Release|Any CPU
		{A15D734B-191D-4E09-A7E0-09561A87D971}.Ad-Hoc|iPhoneSimulator.Build.0 = Release|Any CPU
		{A15D734B-191D-4E09-A7E0-09561A87D971}.Ad-Hoc|x64.ActiveCfg = Release|Any CPU
		{A15D734B-191D-4E09-A7E0-09561A87D971}.Ad-Hoc|x64.Build.0 = Release|Any CPU
		{A15D734B-191D-4E09-A7E0-09561A87D971}.Ad-Hoc|x86.ActiveCfg = Release|Any CPU
		{A15D734B-191D-4E09-A7E0-09561A87D971}.Ad-Hoc|x86.Build.0 = Release|Any CPU
		{A15D734B-191D-4E09-A7E0-09561A87D971}.AppStore|Any CPU.ActiveCfg = Release|Any CPU
		{A15D734B-191D-4E09-A7E0-09561A87D971}.AppStore|Any CPU.Build.0 = Release|Any CPU
		{A15D734B-191D-4E09-A7E0-09561A87D971}.AppStore|ARM.ActiveCfg = Release|Any CPU
		{A15D734B-191D-4E09-A7E0-09561A87D971}.AppStore|ARM.Build.0 = Release|Any CPU
		{A15D734B-191D-4E09-A7E0-09561A87D971}.AppStore|iPhone.ActiveCfg = Release|Any CPU
		{A15D734B-191D-4E09-A7E0-09561A87D971}.AppStore|iPhone.Build.0 = Release|Any CPU
		{A15D734B-191D-4E09-A7E0-09561A87D971}.AppStore|iPhoneSimulator.ActiveCfg = Release|Any CPU
		{A15D734B-191D-4E09-A7E0-09561A87D971}.AppStore|iPhoneSimulator.Build.0 = Release|Any CPU
		{A15D734B-191D-4E09-A7E0-09561A87D971}.AppStore|x64.ActiveCfg = Release|Any CPU
		{A15D734B-191D-4E09-A7E0-09561A87D971}.AppStore|x64.Build.0 = Release|Any CPU
		{A15D734B-191D-4E09-A7E0-09561A87D971}.AppStore|x86.ActiveCfg = Release|Any CPU
		{A15D734B-191D-4E09-A7E0-09561A87D971}.AppStore|x86.Build.0 = Release|Any CPU
		{A15D734B-191D-4E09-A7E0-09561A87D971}.Debug|Any CPU.ActiveCfg = Debug|Any CPU
		{A15D734B-191D-4E09-A7E0-09561A87D971}.Debug|Any CPU.Build.0 = Debug|Any CPU
		{A15D734B-191D-4E09-A7E0-09561A87D971}.Debug|ARM.ActiveCfg = Debug|Any CPU
		{A15D734B-191D-4E09-A7E0-09561A87D971}.Debug|ARM.Build.0 = Debug|Any CPU
		{A15D734B-191D-4E09-A7E0-09561A87D971}.Debug|iPhone.ActiveCfg = Debug|Any CPU
		{A15D734B-191D-4E09-A7E0-09561A87D971}.Debug|iPhone.Build.0 = Debug|Any CPU
		{A15D734B-191D-4E09-A7E0-09561A87D971}.Debug|iPhoneSimulator.ActiveCfg = Debug|Any CPU
		{A15D734B-191D-4E09-A7E0-09561A87D971}.Debug|iPhoneSimulator.Build.0 = Debug|Any CPU
		{A15D734B-191D-4E09-A7E0-09561A87D971}.Debug|x64.ActiveCfg = Debug|Any CPU
		{A15D734B-191D-4E09-A7E0-09561A87D971}.Debug|x64.Build.0 = Debug|Any CPU
		{A15D734B-191D-4E09-A7E0-09561A87D971}.Debug|x86.ActiveCfg = Debug|Any CPU
		{A15D734B-191D-4E09-A7E0-09561A87D971}.Debug|x86.Build.0 = Debug|Any CPU
		{A15D734B-191D-4E09-A7E0-09561A87D971}.Release|Any CPU.ActiveCfg = Release|Any CPU
		{A15D734B-191D-4E09-A7E0-09561A87D971}.Release|Any CPU.Build.0 = Release|Any CPU
		{A15D734B-191D-4E09-A7E0-09561A87D971}.Release|ARM.ActiveCfg = Release|Any CPU
		{A15D734B-191D-4E09-A7E0-09561A87D971}.Release|ARM.Build.0 = Release|Any CPU
		{A15D734B-191D-4E09-A7E0-09561A87D971}.Release|iPhone.ActiveCfg = Release|Any CPU
		{A15D734B-191D-4E09-A7E0-09561A87D971}.Release|iPhone.Build.0 = Release|Any CPU
		{A15D734B-191D-4E09-A7E0-09561A87D971}.Release|iPhoneSimulator.ActiveCfg = Release|Any CPU
		{A15D734B-191D-4E09-A7E0-09561A87D971}.Release|iPhoneSimulator.Build.0 = Release|Any CPU
		{A15D734B-191D-4E09-A7E0-09561A87D971}.Release|x64.ActiveCfg = Release|Any CPU
		{A15D734B-191D-4E09-A7E0-09561A87D971}.Release|x64.Build.0 = Release|Any CPU
		{A15D734B-191D-4E09-A7E0-09561A87D971}.Release|x86.ActiveCfg = Release|Any CPU
		{A15D734B-191D-4E09-A7E0-09561A87D971}.Release|x86.Build.0 = Release|Any CPU
		{FD0B9176-5D3C-4A40-82DC-42307B63646F}.Ad-Hoc|Any CPU.ActiveCfg = Release|Any CPU
		{FD0B9176-5D3C-4A40-82DC-42307B63646F}.Ad-Hoc|Any CPU.Build.0 = Release|Any CPU
		{FD0B9176-5D3C-4A40-82DC-42307B63646F}.Ad-Hoc|Any CPU.Deploy.0 = Release|Any CPU
		{FD0B9176-5D3C-4A40-82DC-42307B63646F}.Ad-Hoc|ARM.ActiveCfg = Release|Any CPU
		{FD0B9176-5D3C-4A40-82DC-42307B63646F}.Ad-Hoc|ARM.Build.0 = Release|Any CPU
		{FD0B9176-5D3C-4A40-82DC-42307B63646F}.Ad-Hoc|ARM.Deploy.0 = Release|Any CPU
		{FD0B9176-5D3C-4A40-82DC-42307B63646F}.Ad-Hoc|iPhone.ActiveCfg = Release|Any CPU
		{FD0B9176-5D3C-4A40-82DC-42307B63646F}.Ad-Hoc|iPhone.Build.0 = Release|Any CPU
		{FD0B9176-5D3C-4A40-82DC-42307B63646F}.Ad-Hoc|iPhone.Deploy.0 = Release|Any CPU
		{FD0B9176-5D3C-4A40-82DC-42307B63646F}.Ad-Hoc|iPhoneSimulator.ActiveCfg = Release|Any CPU
		{FD0B9176-5D3C-4A40-82DC-42307B63646F}.Ad-Hoc|iPhoneSimulator.Build.0 = Release|Any CPU
		{FD0B9176-5D3C-4A40-82DC-42307B63646F}.Ad-Hoc|iPhoneSimulator.Deploy.0 = Release|Any CPU
		{FD0B9176-5D3C-4A40-82DC-42307B63646F}.Ad-Hoc|x64.ActiveCfg = Release|Any CPU
		{FD0B9176-5D3C-4A40-82DC-42307B63646F}.Ad-Hoc|x64.Build.0 = Release|Any CPU
		{FD0B9176-5D3C-4A40-82DC-42307B63646F}.Ad-Hoc|x64.Deploy.0 = Release|Any CPU
		{FD0B9176-5D3C-4A40-82DC-42307B63646F}.Ad-Hoc|x86.ActiveCfg = Release|Any CPU
		{FD0B9176-5D3C-4A40-82DC-42307B63646F}.Ad-Hoc|x86.Build.0 = Release|Any CPU
		{FD0B9176-5D3C-4A40-82DC-42307B63646F}.Ad-Hoc|x86.Deploy.0 = Release|Any CPU
		{FD0B9176-5D3C-4A40-82DC-42307B63646F}.AppStore|Any CPU.ActiveCfg = Release|Any CPU
		{FD0B9176-5D3C-4A40-82DC-42307B63646F}.AppStore|Any CPU.Build.0 = Release|Any CPU
		{FD0B9176-5D3C-4A40-82DC-42307B63646F}.AppStore|Any CPU.Deploy.0 = Release|Any CPU
		{FD0B9176-5D3C-4A40-82DC-42307B63646F}.AppStore|ARM.ActiveCfg = Release|Any CPU
		{FD0B9176-5D3C-4A40-82DC-42307B63646F}.AppStore|ARM.Build.0 = Release|Any CPU
		{FD0B9176-5D3C-4A40-82DC-42307B63646F}.AppStore|ARM.Deploy.0 = Release|Any CPU
		{FD0B9176-5D3C-4A40-82DC-42307B63646F}.AppStore|iPhone.ActiveCfg = Release|Any CPU
		{FD0B9176-5D3C-4A40-82DC-42307B63646F}.AppStore|iPhone.Build.0 = Release|Any CPU
		{FD0B9176-5D3C-4A40-82DC-42307B63646F}.AppStore|iPhone.Deploy.0 = Release|Any CPU
		{FD0B9176-5D3C-4A40-82DC-42307B63646F}.AppStore|iPhoneSimulator.ActiveCfg = Release|Any CPU
		{FD0B9176-5D3C-4A40-82DC-42307B63646F}.AppStore|iPhoneSimulator.Build.0 = Release|Any CPU
		{FD0B9176-5D3C-4A40-82DC-42307B63646F}.AppStore|iPhoneSimulator.Deploy.0 = Release|Any CPU
		{FD0B9176-5D3C-4A40-82DC-42307B63646F}.AppStore|x64.ActiveCfg = Release|Any CPU
		{FD0B9176-5D3C-4A40-82DC-42307B63646F}.AppStore|x64.Build.0 = Release|Any CPU
		{FD0B9176-5D3C-4A40-82DC-42307B63646F}.AppStore|x64.Deploy.0 = Release|Any CPU
		{FD0B9176-5D3C-4A40-82DC-42307B63646F}.AppStore|x86.ActiveCfg = Release|Any CPU
		{FD0B9176-5D3C-4A40-82DC-42307B63646F}.AppStore|x86.Build.0 = Release|Any CPU
		{FD0B9176-5D3C-4A40-82DC-42307B63646F}.AppStore|x86.Deploy.0 = Release|Any CPU
		{FD0B9176-5D3C-4A40-82DC-42307B63646F}.Debug|Any CPU.ActiveCfg = Debug|Any CPU
		{FD0B9176-5D3C-4A40-82DC-42307B63646F}.Debug|Any CPU.Build.0 = Debug|Any CPU
		{FD0B9176-5D3C-4A40-82DC-42307B63646F}.Debug|Any CPU.Deploy.0 = Debug|Any CPU
		{FD0B9176-5D3C-4A40-82DC-42307B63646F}.Debug|ARM.ActiveCfg = Debug|Any CPU
		{FD0B9176-5D3C-4A40-82DC-42307B63646F}.Debug|ARM.Build.0 = Debug|Any CPU
		{FD0B9176-5D3C-4A40-82DC-42307B63646F}.Debug|ARM.Deploy.0 = Debug|Any CPU
		{FD0B9176-5D3C-4A40-82DC-42307B63646F}.Debug|iPhone.ActiveCfg = Debug|Any CPU
		{FD0B9176-5D3C-4A40-82DC-42307B63646F}.Debug|iPhone.Build.0 = Debug|Any CPU
		{FD0B9176-5D3C-4A40-82DC-42307B63646F}.Debug|iPhone.Deploy.0 = Debug|Any CPU
		{FD0B9176-5D3C-4A40-82DC-42307B63646F}.Debug|iPhoneSimulator.ActiveCfg = Debug|Any CPU
		{FD0B9176-5D3C-4A40-82DC-42307B63646F}.Debug|iPhoneSimulator.Build.0 = Debug|Any CPU
		{FD0B9176-5D3C-4A40-82DC-42307B63646F}.Debug|iPhoneSimulator.Deploy.0 = Debug|Any CPU
		{FD0B9176-5D3C-4A40-82DC-42307B63646F}.Debug|x64.ActiveCfg = Debug|Any CPU
		{FD0B9176-5D3C-4A40-82DC-42307B63646F}.Debug|x64.Build.0 = Debug|Any CPU
		{FD0B9176-5D3C-4A40-82DC-42307B63646F}.Debug|x64.Deploy.0 = Debug|Any CPU
		{FD0B9176-5D3C-4A40-82DC-42307B63646F}.Debug|x86.ActiveCfg = Debug|Any CPU
		{FD0B9176-5D3C-4A40-82DC-42307B63646F}.Debug|x86.Build.0 = Debug|Any CPU
		{FD0B9176-5D3C-4A40-82DC-42307B63646F}.Debug|x86.Deploy.0 = Debug|Any CPU
		{FD0B9176-5D3C-4A40-82DC-42307B63646F}.Release|Any CPU.ActiveCfg = Release|Any CPU
		{FD0B9176-5D3C-4A40-82DC-42307B63646F}.Release|Any CPU.Build.0 = Release|Any CPU
		{FD0B9176-5D3C-4A40-82DC-42307B63646F}.Release|Any CPU.Deploy.0 = Release|Any CPU
		{FD0B9176-5D3C-4A40-82DC-42307B63646F}.Release|ARM.ActiveCfg = Release|Any CPU
		{FD0B9176-5D3C-4A40-82DC-42307B63646F}.Release|ARM.Build.0 = Release|Any CPU
		{FD0B9176-5D3C-4A40-82DC-42307B63646F}.Release|ARM.Deploy.0 = Release|Any CPU
		{FD0B9176-5D3C-4A40-82DC-42307B63646F}.Release|iPhone.ActiveCfg = Release|Any CPU
		{FD0B9176-5D3C-4A40-82DC-42307B63646F}.Release|iPhone.Build.0 = Release|Any CPU
		{FD0B9176-5D3C-4A40-82DC-42307B63646F}.Release|iPhone.Deploy.0 = Release|Any CPU
		{FD0B9176-5D3C-4A40-82DC-42307B63646F}.Release|iPhoneSimulator.ActiveCfg = Release|Any CPU
		{FD0B9176-5D3C-4A40-82DC-42307B63646F}.Release|iPhoneSimulator.Build.0 = Release|Any CPU
		{FD0B9176-5D3C-4A40-82DC-42307B63646F}.Release|iPhoneSimulator.Deploy.0 = Release|Any CPU
		{FD0B9176-5D3C-4A40-82DC-42307B63646F}.Release|x64.ActiveCfg = Release|Any CPU
		{FD0B9176-5D3C-4A40-82DC-42307B63646F}.Release|x64.Build.0 = Release|Any CPU
		{FD0B9176-5D3C-4A40-82DC-42307B63646F}.Release|x64.Deploy.0 = Release|Any CPU
		{FD0B9176-5D3C-4A40-82DC-42307B63646F}.Release|x86.ActiveCfg = Release|Any CPU
		{FD0B9176-5D3C-4A40-82DC-42307B63646F}.Release|x86.Build.0 = Release|Any CPU
		{FD0B9176-5D3C-4A40-82DC-42307B63646F}.Release|x86.Deploy.0 = Release|Any CPU
		{9988E480-353A-443D-A470-CCACCC4F3DF9}.Ad-Hoc|Any CPU.ActiveCfg = Ad-Hoc|iPhone
		{9988E480-353A-443D-A470-CCACCC4F3DF9}.Ad-Hoc|ARM.ActiveCfg = Ad-Hoc|iPhone
		{9988E480-353A-443D-A470-CCACCC4F3DF9}.Ad-Hoc|iPhone.ActiveCfg = Ad-Hoc|iPhone
		{9988E480-353A-443D-A470-CCACCC4F3DF9}.Ad-Hoc|iPhone.Build.0 = Ad-Hoc|iPhone
		{9988E480-353A-443D-A470-CCACCC4F3DF9}.Ad-Hoc|iPhoneSimulator.ActiveCfg = Ad-Hoc|iPhoneSimulator
		{9988E480-353A-443D-A470-CCACCC4F3DF9}.Ad-Hoc|iPhoneSimulator.Build.0 = Ad-Hoc|iPhoneSimulator
		{9988E480-353A-443D-A470-CCACCC4F3DF9}.Ad-Hoc|x64.ActiveCfg = Ad-Hoc|iPhone
		{9988E480-353A-443D-A470-CCACCC4F3DF9}.Ad-Hoc|x86.ActiveCfg = Ad-Hoc|iPhone
		{9988E480-353A-443D-A470-CCACCC4F3DF9}.AppStore|Any CPU.ActiveCfg = AppStore|iPhone
		{9988E480-353A-443D-A470-CCACCC4F3DF9}.AppStore|ARM.ActiveCfg = AppStore|iPhone
		{9988E480-353A-443D-A470-CCACCC4F3DF9}.AppStore|iPhone.ActiveCfg = AppStore|iPhone
		{9988E480-353A-443D-A470-CCACCC4F3DF9}.AppStore|iPhone.Build.0 = AppStore|iPhone
		{9988E480-353A-443D-A470-CCACCC4F3DF9}.AppStore|iPhoneSimulator.ActiveCfg = AppStore|iPhoneSimulator
		{9988E480-353A-443D-A470-CCACCC4F3DF9}.AppStore|iPhoneSimulator.Build.0 = AppStore|iPhoneSimulator
		{9988E480-353A-443D-A470-CCACCC4F3DF9}.AppStore|x64.ActiveCfg = AppStore|iPhone
		{9988E480-353A-443D-A470-CCACCC4F3DF9}.AppStore|x86.ActiveCfg = AppStore|iPhone
		{9988E480-353A-443D-A470-CCACCC4F3DF9}.Debug|Any CPU.ActiveCfg = Debug|iPhone
		{9988E480-353A-443D-A470-CCACCC4F3DF9}.Debug|ARM.ActiveCfg = Debug|iPhone
		{9988E480-353A-443D-A470-CCACCC4F3DF9}.Debug|iPhone.ActiveCfg = Debug|iPhone
		{9988E480-353A-443D-A470-CCACCC4F3DF9}.Debug|iPhone.Build.0 = Debug|iPhone
		{9988E480-353A-443D-A470-CCACCC4F3DF9}.Debug|iPhoneSimulator.ActiveCfg = Debug|iPhoneSimulator
		{9988E480-353A-443D-A470-CCACCC4F3DF9}.Debug|iPhoneSimulator.Build.0 = Debug|iPhoneSimulator
		{9988E480-353A-443D-A470-CCACCC4F3DF9}.Debug|x64.ActiveCfg = Debug|iPhone
		{9988E480-353A-443D-A470-CCACCC4F3DF9}.Debug|x86.ActiveCfg = Debug|iPhone
		{9988E480-353A-443D-A470-CCACCC4F3DF9}.Release|Any CPU.ActiveCfg = Release|iPhone
		{9988E480-353A-443D-A470-CCACCC4F3DF9}.Release|ARM.ActiveCfg = Release|iPhone
		{9988E480-353A-443D-A470-CCACCC4F3DF9}.Release|iPhone.ActiveCfg = Release|iPhone
		{9988E480-353A-443D-A470-CCACCC4F3DF9}.Release|iPhone.Build.0 = Release|iPhone
		{9988E480-353A-443D-A470-CCACCC4F3DF9}.Release|iPhoneSimulator.ActiveCfg = Release|iPhoneSimulator
		{9988E480-353A-443D-A470-CCACCC4F3DF9}.Release|iPhoneSimulator.Build.0 = Release|iPhoneSimulator
		{9988E480-353A-443D-A470-CCACCC4F3DF9}.Release|x64.ActiveCfg = Release|iPhone
		{9988E480-353A-443D-A470-CCACCC4F3DF9}.Release|x86.ActiveCfg = Release|iPhone
		{39983FE5-9A02-41EB-A86D-B32BABEFAB14}.Ad-Hoc|Any CPU.ActiveCfg = Release|Any CPU
		{39983FE5-9A02-41EB-A86D-B32BABEFAB14}.Ad-Hoc|Any CPU.Build.0 = Release|Any CPU
		{39983FE5-9A02-41EB-A86D-B32BABEFAB14}.Ad-Hoc|Any CPU.Deploy.0 = Release|Any CPU
		{39983FE5-9A02-41EB-A86D-B32BABEFAB14}.Ad-Hoc|ARM.ActiveCfg = Release|ARM
		{39983FE5-9A02-41EB-A86D-B32BABEFAB14}.Ad-Hoc|ARM.Build.0 = Release|ARM
		{39983FE5-9A02-41EB-A86D-B32BABEFAB14}.Ad-Hoc|ARM.Deploy.0 = Release|ARM
		{39983FE5-9A02-41EB-A86D-B32BABEFAB14}.Ad-Hoc|iPhone.ActiveCfg = Release|Any CPU
		{39983FE5-9A02-41EB-A86D-B32BABEFAB14}.Ad-Hoc|iPhone.Build.0 = Release|Any CPU
		{39983FE5-9A02-41EB-A86D-B32BABEFAB14}.Ad-Hoc|iPhone.Deploy.0 = Release|Any CPU
		{39983FE5-9A02-41EB-A86D-B32BABEFAB14}.Ad-Hoc|iPhoneSimulator.ActiveCfg = Release|Any CPU
		{39983FE5-9A02-41EB-A86D-B32BABEFAB14}.Ad-Hoc|iPhoneSimulator.Build.0 = Release|Any CPU
		{39983FE5-9A02-41EB-A86D-B32BABEFAB14}.Ad-Hoc|iPhoneSimulator.Deploy.0 = Release|Any CPU
		{39983FE5-9A02-41EB-A86D-B32BABEFAB14}.Ad-Hoc|x64.ActiveCfg = Release|Any CPU
		{39983FE5-9A02-41EB-A86D-B32BABEFAB14}.Ad-Hoc|x64.Build.0 = Release|Any CPU
		{39983FE5-9A02-41EB-A86D-B32BABEFAB14}.Ad-Hoc|x64.Deploy.0 = Release|Any CPU
		{39983FE5-9A02-41EB-A86D-B32BABEFAB14}.Ad-Hoc|x86.ActiveCfg = Release|x86
		{39983FE5-9A02-41EB-A86D-B32BABEFAB14}.Ad-Hoc|x86.Build.0 = Release|x86
		{39983FE5-9A02-41EB-A86D-B32BABEFAB14}.Ad-Hoc|x86.Deploy.0 = Release|x86
		{39983FE5-9A02-41EB-A86D-B32BABEFAB14}.AppStore|Any CPU.ActiveCfg = Release|Any CPU
		{39983FE5-9A02-41EB-A86D-B32BABEFAB14}.AppStore|Any CPU.Build.0 = Release|Any CPU
		{39983FE5-9A02-41EB-A86D-B32BABEFAB14}.AppStore|Any CPU.Deploy.0 = Release|Any CPU
		{39983FE5-9A02-41EB-A86D-B32BABEFAB14}.AppStore|ARM.ActiveCfg = Release|ARM
		{39983FE5-9A02-41EB-A86D-B32BABEFAB14}.AppStore|ARM.Build.0 = Release|ARM
		{39983FE5-9A02-41EB-A86D-B32BABEFAB14}.AppStore|ARM.Deploy.0 = Release|ARM
		{39983FE5-9A02-41EB-A86D-B32BABEFAB14}.AppStore|iPhone.ActiveCfg = Release|Any CPU
		{39983FE5-9A02-41EB-A86D-B32BABEFAB14}.AppStore|iPhone.Build.0 = Release|Any CPU
		{39983FE5-9A02-41EB-A86D-B32BABEFAB14}.AppStore|iPhone.Deploy.0 = Release|Any CPU
		{39983FE5-9A02-41EB-A86D-B32BABEFAB14}.AppStore|iPhoneSimulator.ActiveCfg = Release|Any CPU
		{39983FE5-9A02-41EB-A86D-B32BABEFAB14}.AppStore|iPhoneSimulator.Build.0 = Release|Any CPU
		{39983FE5-9A02-41EB-A86D-B32BABEFAB14}.AppStore|iPhoneSimulator.Deploy.0 = Release|Any CPU
		{39983FE5-9A02-41EB-A86D-B32BABEFAB14}.AppStore|x64.ActiveCfg = Release|Any CPU
		{39983FE5-9A02-41EB-A86D-B32BABEFAB14}.AppStore|x64.Build.0 = Release|Any CPU
		{39983FE5-9A02-41EB-A86D-B32BABEFAB14}.AppStore|x64.Deploy.0 = Release|Any CPU
		{39983FE5-9A02-41EB-A86D-B32BABEFAB14}.AppStore|x86.ActiveCfg = Release|x86
		{39983FE5-9A02-41EB-A86D-B32BABEFAB14}.AppStore|x86.Build.0 = Release|x86
		{39983FE5-9A02-41EB-A86D-B32BABEFAB14}.AppStore|x86.Deploy.0 = Release|x86
		{39983FE5-9A02-41EB-A86D-B32BABEFAB14}.Debug|Any CPU.ActiveCfg = Debug|Any CPU
		{39983FE5-9A02-41EB-A86D-B32BABEFAB14}.Debug|Any CPU.Build.0 = Debug|Any CPU
		{39983FE5-9A02-41EB-A86D-B32BABEFAB14}.Debug|Any CPU.Deploy.0 = Debug|Any CPU
		{39983FE5-9A02-41EB-A86D-B32BABEFAB14}.Debug|ARM.ActiveCfg = Debug|ARM
		{39983FE5-9A02-41EB-A86D-B32BABEFAB14}.Debug|ARM.Build.0 = Debug|ARM
		{39983FE5-9A02-41EB-A86D-B32BABEFAB14}.Debug|ARM.Deploy.0 = Debug|ARM
		{39983FE5-9A02-41EB-A86D-B32BABEFAB14}.Debug|iPhone.ActiveCfg = Debug|Any CPU
		{39983FE5-9A02-41EB-A86D-B32BABEFAB14}.Debug|iPhone.Build.0 = Debug|Any CPU
		{39983FE5-9A02-41EB-A86D-B32BABEFAB14}.Debug|iPhone.Deploy.0 = Debug|Any CPU
		{39983FE5-9A02-41EB-A86D-B32BABEFAB14}.Debug|iPhoneSimulator.ActiveCfg = Debug|Any CPU
		{39983FE5-9A02-41EB-A86D-B32BABEFAB14}.Debug|iPhoneSimulator.Build.0 = Debug|Any CPU
		{39983FE5-9A02-41EB-A86D-B32BABEFAB14}.Debug|iPhoneSimulator.Deploy.0 = Debug|Any CPU
		{39983FE5-9A02-41EB-A86D-B32BABEFAB14}.Debug|x64.ActiveCfg = Debug|Any CPU
		{39983FE5-9A02-41EB-A86D-B32BABEFAB14}.Debug|x64.Build.0 = Debug|Any CPU
		{39983FE5-9A02-41EB-A86D-B32BABEFAB14}.Debug|x64.Deploy.0 = Debug|Any CPU
		{39983FE5-9A02-41EB-A86D-B32BABEFAB14}.Debug|x86.ActiveCfg = Debug|x86
		{39983FE5-9A02-41EB-A86D-B32BABEFAB14}.Debug|x86.Build.0 = Debug|x86
		{39983FE5-9A02-41EB-A86D-B32BABEFAB14}.Debug|x86.Deploy.0 = Debug|x86
		{39983FE5-9A02-41EB-A86D-B32BABEFAB14}.Release|Any CPU.ActiveCfg = Release|Any CPU
		{39983FE5-9A02-41EB-A86D-B32BABEFAB14}.Release|Any CPU.Build.0 = Release|Any CPU
		{39983FE5-9A02-41EB-A86D-B32BABEFAB14}.Release|Any CPU.Deploy.0 = Release|Any CPU
		{39983FE5-9A02-41EB-A86D-B32BABEFAB14}.Release|ARM.ActiveCfg = Release|ARM
		{39983FE5-9A02-41EB-A86D-B32BABEFAB14}.Release|ARM.Build.0 = Release|ARM
		{39983FE5-9A02-41EB-A86D-B32BABEFAB14}.Release|ARM.Deploy.0 = Release|ARM
		{39983FE5-9A02-41EB-A86D-B32BABEFAB14}.Release|iPhone.ActiveCfg = Release|Any CPU
		{39983FE5-9A02-41EB-A86D-B32BABEFAB14}.Release|iPhone.Build.0 = Release|Any CPU
		{39983FE5-9A02-41EB-A86D-B32BABEFAB14}.Release|iPhone.Deploy.0 = Release|Any CPU
		{39983FE5-9A02-41EB-A86D-B32BABEFAB14}.Release|iPhoneSimulator.ActiveCfg = Release|Any CPU
		{39983FE5-9A02-41EB-A86D-B32BABEFAB14}.Release|iPhoneSimulator.Build.0 = Release|Any CPU
		{39983FE5-9A02-41EB-A86D-B32BABEFAB14}.Release|iPhoneSimulator.Deploy.0 = Release|Any CPU
		{39983FE5-9A02-41EB-A86D-B32BABEFAB14}.Release|x64.ActiveCfg = Release|Any CPU
		{39983FE5-9A02-41EB-A86D-B32BABEFAB14}.Release|x64.Build.0 = Release|Any CPU
		{39983FE5-9A02-41EB-A86D-B32BABEFAB14}.Release|x64.Deploy.0 = Release|Any CPU
		{39983FE5-9A02-41EB-A86D-B32BABEFAB14}.Release|x86.ActiveCfg = Release|x86
		{39983FE5-9A02-41EB-A86D-B32BABEFAB14}.Release|x86.Build.0 = Release|x86
		{39983FE5-9A02-41EB-A86D-B32BABEFAB14}.Release|x86.Deploy.0 = Release|x86
		{9A4B9A6F-BD24-4A55-B257-858CB47E07ED}.Ad-Hoc|Any CPU.ActiveCfg = Release|x86
		{9A4B9A6F-BD24-4A55-B257-858CB47E07ED}.Ad-Hoc|Any CPU.Build.0 = Release|x86
		{9A4B9A6F-BD24-4A55-B257-858CB47E07ED}.Ad-Hoc|Any CPU.Deploy.0 = Release|x86
		{9A4B9A6F-BD24-4A55-B257-858CB47E07ED}.Ad-Hoc|ARM.ActiveCfg = Release|ARM
		{9A4B9A6F-BD24-4A55-B257-858CB47E07ED}.Ad-Hoc|ARM.Build.0 = Release|ARM
		{9A4B9A6F-BD24-4A55-B257-858CB47E07ED}.Ad-Hoc|ARM.Deploy.0 = Release|ARM
		{9A4B9A6F-BD24-4A55-B257-858CB47E07ED}.Ad-Hoc|iPhone.ActiveCfg = Release|x86
		{9A4B9A6F-BD24-4A55-B257-858CB47E07ED}.Ad-Hoc|iPhone.Build.0 = Release|x86
		{9A4B9A6F-BD24-4A55-B257-858CB47E07ED}.Ad-Hoc|iPhone.Deploy.0 = Release|x86
		{9A4B9A6F-BD24-4A55-B257-858CB47E07ED}.Ad-Hoc|iPhoneSimulator.ActiveCfg = Release|x86
		{9A4B9A6F-BD24-4A55-B257-858CB47E07ED}.Ad-Hoc|iPhoneSimulator.Build.0 = Release|x86
		{9A4B9A6F-BD24-4A55-B257-858CB47E07ED}.Ad-Hoc|iPhoneSimulator.Deploy.0 = Release|x86
		{9A4B9A6F-BD24-4A55-B257-858CB47E07ED}.Ad-Hoc|x64.ActiveCfg = Release|x64
		{9A4B9A6F-BD24-4A55-B257-858CB47E07ED}.Ad-Hoc|x64.Build.0 = Release|x64
		{9A4B9A6F-BD24-4A55-B257-858CB47E07ED}.Ad-Hoc|x64.Deploy.0 = Release|x64
		{9A4B9A6F-BD24-4A55-B257-858CB47E07ED}.Ad-Hoc|x86.ActiveCfg = Release|x86
		{9A4B9A6F-BD24-4A55-B257-858CB47E07ED}.Ad-Hoc|x86.Build.0 = Release|x86
		{9A4B9A6F-BD24-4A55-B257-858CB47E07ED}.Ad-Hoc|x86.Deploy.0 = Release|x86
		{9A4B9A6F-BD24-4A55-B257-858CB47E07ED}.AppStore|Any CPU.ActiveCfg = Release|x86
		{9A4B9A6F-BD24-4A55-B257-858CB47E07ED}.AppStore|Any CPU.Build.0 = Release|x86
		{9A4B9A6F-BD24-4A55-B257-858CB47E07ED}.AppStore|Any CPU.Deploy.0 = Release|x86
		{9A4B9A6F-BD24-4A55-B257-858CB47E07ED}.AppStore|ARM.ActiveCfg = Release|ARM
		{9A4B9A6F-BD24-4A55-B257-858CB47E07ED}.AppStore|ARM.Build.0 = Release|ARM
		{9A4B9A6F-BD24-4A55-B257-858CB47E07ED}.AppStore|ARM.Deploy.0 = Release|ARM
		{9A4B9A6F-BD24-4A55-B257-858CB47E07ED}.AppStore|iPhone.ActiveCfg = Release|x86
		{9A4B9A6F-BD24-4A55-B257-858CB47E07ED}.AppStore|iPhone.Build.0 = Release|x86
		{9A4B9A6F-BD24-4A55-B257-858CB47E07ED}.AppStore|iPhone.Deploy.0 = Release|x86
		{9A4B9A6F-BD24-4A55-B257-858CB47E07ED}.AppStore|iPhoneSimulator.ActiveCfg = Release|x86
		{9A4B9A6F-BD24-4A55-B257-858CB47E07ED}.AppStore|iPhoneSimulator.Build.0 = Release|x86
		{9A4B9A6F-BD24-4A55-B257-858CB47E07ED}.AppStore|iPhoneSimulator.Deploy.0 = Release|x86
		{9A4B9A6F-BD24-4A55-B257-858CB47E07ED}.AppStore|x64.ActiveCfg = Release|x64
		{9A4B9A6F-BD24-4A55-B257-858CB47E07ED}.AppStore|x64.Build.0 = Release|x64
		{9A4B9A6F-BD24-4A55-B257-858CB47E07ED}.AppStore|x64.Deploy.0 = Release|x64
		{9A4B9A6F-BD24-4A55-B257-858CB47E07ED}.AppStore|x86.ActiveCfg = Release|x86
		{9A4B9A6F-BD24-4A55-B257-858CB47E07ED}.AppStore|x86.Build.0 = Release|x86
		{9A4B9A6F-BD24-4A55-B257-858CB47E07ED}.AppStore|x86.Deploy.0 = Release|x86
		{9A4B9A6F-BD24-4A55-B257-858CB47E07ED}.Debug|Any CPU.ActiveCfg = Debug|x86
		{9A4B9A6F-BD24-4A55-B257-858CB47E07ED}.Debug|ARM.ActiveCfg = Debug|ARM
		{9A4B9A6F-BD24-4A55-B257-858CB47E07ED}.Debug|ARM.Build.0 = Debug|ARM
		{9A4B9A6F-BD24-4A55-B257-858CB47E07ED}.Debug|ARM.Deploy.0 = Debug|ARM
		{9A4B9A6F-BD24-4A55-B257-858CB47E07ED}.Debug|iPhone.ActiveCfg = Debug|x86
		{9A4B9A6F-BD24-4A55-B257-858CB47E07ED}.Debug|iPhoneSimulator.ActiveCfg = Debug|x86
		{9A4B9A6F-BD24-4A55-B257-858CB47E07ED}.Debug|x64.ActiveCfg = Debug|x64
		{9A4B9A6F-BD24-4A55-B257-858CB47E07ED}.Debug|x64.Build.0 = Debug|x64
		{9A4B9A6F-BD24-4A55-B257-858CB47E07ED}.Debug|x64.Deploy.0 = Debug|x64
		{9A4B9A6F-BD24-4A55-B257-858CB47E07ED}.Debug|x86.ActiveCfg = Debug|x86
		{9A4B9A6F-BD24-4A55-B257-858CB47E07ED}.Debug|x86.Build.0 = Debug|x86
		{9A4B9A6F-BD24-4A55-B257-858CB47E07ED}.Debug|x86.Deploy.0 = Debug|x86
		{9A4B9A6F-BD24-4A55-B257-858CB47E07ED}.Release|Any CPU.ActiveCfg = Release|x86
		{9A4B9A6F-BD24-4A55-B257-858CB47E07ED}.Release|ARM.ActiveCfg = Release|ARM
		{9A4B9A6F-BD24-4A55-B257-858CB47E07ED}.Release|ARM.Build.0 = Release|ARM
		{9A4B9A6F-BD24-4A55-B257-858CB47E07ED}.Release|ARM.Deploy.0 = Release|ARM
		{9A4B9A6F-BD24-4A55-B257-858CB47E07ED}.Release|iPhone.ActiveCfg = Release|x86
		{9A4B9A6F-BD24-4A55-B257-858CB47E07ED}.Release|iPhoneSimulator.ActiveCfg = Release|x86
		{9A4B9A6F-BD24-4A55-B257-858CB47E07ED}.Release|x64.ActiveCfg = Release|x64
		{9A4B9A6F-BD24-4A55-B257-858CB47E07ED}.Release|x64.Build.0 = Release|x64
		{9A4B9A6F-BD24-4A55-B257-858CB47E07ED}.Release|x64.Deploy.0 = Release|x64
		{9A4B9A6F-BD24-4A55-B257-858CB47E07ED}.Release|x86.ActiveCfg = Release|x86
		{9A4B9A6F-BD24-4A55-B257-858CB47E07ED}.Release|x86.Build.0 = Release|x86
		{9A4B9A6F-BD24-4A55-B257-858CB47E07ED}.Release|x86.Deploy.0 = Release|x86
		{DBE1F833-6379-424E-A8E0-FD644E5944D9}.Ad-Hoc|Any CPU.ActiveCfg = Release|Any CPU
		{DBE1F833-6379-424E-A8E0-FD644E5944D9}.Ad-Hoc|Any CPU.Build.0 = Release|Any CPU
		{DBE1F833-6379-424E-A8E0-FD644E5944D9}.Ad-Hoc|Any CPU.Deploy.0 = Release|Any CPU
		{DBE1F833-6379-424E-A8E0-FD644E5944D9}.Ad-Hoc|ARM.ActiveCfg = Release|ARM
		{DBE1F833-6379-424E-A8E0-FD644E5944D9}.Ad-Hoc|ARM.Build.0 = Release|ARM
		{DBE1F833-6379-424E-A8E0-FD644E5944D9}.Ad-Hoc|ARM.Deploy.0 = Release|ARM
		{DBE1F833-6379-424E-A8E0-FD644E5944D9}.Ad-Hoc|iPhone.ActiveCfg = Release|Any CPU
		{DBE1F833-6379-424E-A8E0-FD644E5944D9}.Ad-Hoc|iPhone.Build.0 = Release|Any CPU
		{DBE1F833-6379-424E-A8E0-FD644E5944D9}.Ad-Hoc|iPhone.Deploy.0 = Release|Any CPU
		{DBE1F833-6379-424E-A8E0-FD644E5944D9}.Ad-Hoc|iPhoneSimulator.ActiveCfg = Release|Any CPU
		{DBE1F833-6379-424E-A8E0-FD644E5944D9}.Ad-Hoc|iPhoneSimulator.Build.0 = Release|Any CPU
		{DBE1F833-6379-424E-A8E0-FD644E5944D9}.Ad-Hoc|iPhoneSimulator.Deploy.0 = Release|Any CPU
		{DBE1F833-6379-424E-A8E0-FD644E5944D9}.Ad-Hoc|x64.ActiveCfg = Release|x64
		{DBE1F833-6379-424E-A8E0-FD644E5944D9}.Ad-Hoc|x64.Build.0 = Release|x64
		{DBE1F833-6379-424E-A8E0-FD644E5944D9}.Ad-Hoc|x64.Deploy.0 = Release|x64
		{DBE1F833-6379-424E-A8E0-FD644E5944D9}.Ad-Hoc|x86.ActiveCfg = Release|x86
		{DBE1F833-6379-424E-A8E0-FD644E5944D9}.Ad-Hoc|x86.Build.0 = Release|x86
		{DBE1F833-6379-424E-A8E0-FD644E5944D9}.Ad-Hoc|x86.Deploy.0 = Release|x86
		{DBE1F833-6379-424E-A8E0-FD644E5944D9}.AppStore|Any CPU.ActiveCfg = Release|Any CPU
		{DBE1F833-6379-424E-A8E0-FD644E5944D9}.AppStore|Any CPU.Build.0 = Release|Any CPU
		{DBE1F833-6379-424E-A8E0-FD644E5944D9}.AppStore|Any CPU.Deploy.0 = Release|Any CPU
		{DBE1F833-6379-424E-A8E0-FD644E5944D9}.AppStore|ARM.ActiveCfg = Release|ARM
		{DBE1F833-6379-424E-A8E0-FD644E5944D9}.AppStore|ARM.Build.0 = Release|ARM
		{DBE1F833-6379-424E-A8E0-FD644E5944D9}.AppStore|ARM.Deploy.0 = Release|ARM
		{DBE1F833-6379-424E-A8E0-FD644E5944D9}.AppStore|iPhone.ActiveCfg = Release|Any CPU
		{DBE1F833-6379-424E-A8E0-FD644E5944D9}.AppStore|iPhone.Build.0 = Release|Any CPU
		{DBE1F833-6379-424E-A8E0-FD644E5944D9}.AppStore|iPhone.Deploy.0 = Release|Any CPU
		{DBE1F833-6379-424E-A8E0-FD644E5944D9}.AppStore|iPhoneSimulator.ActiveCfg = Release|Any CPU
		{DBE1F833-6379-424E-A8E0-FD644E5944D9}.AppStore|iPhoneSimulator.Build.0 = Release|Any CPU
		{DBE1F833-6379-424E-A8E0-FD644E5944D9}.AppStore|iPhoneSimulator.Deploy.0 = Release|Any CPU
		{DBE1F833-6379-424E-A8E0-FD644E5944D9}.AppStore|x64.ActiveCfg = Release|x64
		{DBE1F833-6379-424E-A8E0-FD644E5944D9}.AppStore|x64.Build.0 = Release|x64
		{DBE1F833-6379-424E-A8E0-FD644E5944D9}.AppStore|x64.Deploy.0 = Release|x64
		{DBE1F833-6379-424E-A8E0-FD644E5944D9}.AppStore|x86.ActiveCfg = Release|x86
		{DBE1F833-6379-424E-A8E0-FD644E5944D9}.AppStore|x86.Build.0 = Release|x86
		{DBE1F833-6379-424E-A8E0-FD644E5944D9}.AppStore|x86.Deploy.0 = Release|x86
		{DBE1F833-6379-424E-A8E0-FD644E5944D9}.Debug|Any CPU.ActiveCfg = Debug|Any CPU
		{DBE1F833-6379-424E-A8E0-FD644E5944D9}.Debug|Any CPU.Build.0 = Debug|Any CPU
		{DBE1F833-6379-424E-A8E0-FD644E5944D9}.Debug|Any CPU.Deploy.0 = Debug|Any CPU
		{DBE1F833-6379-424E-A8E0-FD644E5944D9}.Debug|ARM.ActiveCfg = Debug|ARM
		{DBE1F833-6379-424E-A8E0-FD644E5944D9}.Debug|ARM.Build.0 = Debug|ARM
		{DBE1F833-6379-424E-A8E0-FD644E5944D9}.Debug|ARM.Deploy.0 = Debug|ARM
		{DBE1F833-6379-424E-A8E0-FD644E5944D9}.Debug|iPhone.ActiveCfg = Debug|Any CPU
		{DBE1F833-6379-424E-A8E0-FD644E5944D9}.Debug|iPhone.Build.0 = Debug|Any CPU
		{DBE1F833-6379-424E-A8E0-FD644E5944D9}.Debug|iPhone.Deploy.0 = Debug|Any CPU
		{DBE1F833-6379-424E-A8E0-FD644E5944D9}.Debug|iPhoneSimulator.ActiveCfg = Debug|Any CPU
		{DBE1F833-6379-424E-A8E0-FD644E5944D9}.Debug|iPhoneSimulator.Build.0 = Debug|Any CPU
		{DBE1F833-6379-424E-A8E0-FD644E5944D9}.Debug|iPhoneSimulator.Deploy.0 = Debug|Any CPU
		{DBE1F833-6379-424E-A8E0-FD644E5944D9}.Debug|x64.ActiveCfg = Debug|x64
		{DBE1F833-6379-424E-A8E0-FD644E5944D9}.Debug|x64.Build.0 = Debug|x64
		{DBE1F833-6379-424E-A8E0-FD644E5944D9}.Debug|x64.Deploy.0 = Debug|x64
		{DBE1F833-6379-424E-A8E0-FD644E5944D9}.Debug|x86.ActiveCfg = Debug|x86
		{DBE1F833-6379-424E-A8E0-FD644E5944D9}.Debug|x86.Build.0 = Debug|x86
		{DBE1F833-6379-424E-A8E0-FD644E5944D9}.Debug|x86.Deploy.0 = Debug|x86
		{DBE1F833-6379-424E-A8E0-FD644E5944D9}.Release|Any CPU.ActiveCfg = Release|Any CPU
		{DBE1F833-6379-424E-A8E0-FD644E5944D9}.Release|Any CPU.Build.0 = Release|Any CPU
		{DBE1F833-6379-424E-A8E0-FD644E5944D9}.Release|Any CPU.Deploy.0 = Release|Any CPU
		{DBE1F833-6379-424E-A8E0-FD644E5944D9}.Release|ARM.ActiveCfg = Release|ARM
		{DBE1F833-6379-424E-A8E0-FD644E5944D9}.Release|ARM.Build.0 = Release|ARM
		{DBE1F833-6379-424E-A8E0-FD644E5944D9}.Release|ARM.Deploy.0 = Release|ARM
		{DBE1F833-6379-424E-A8E0-FD644E5944D9}.Release|iPhone.ActiveCfg = Release|Any CPU
		{DBE1F833-6379-424E-A8E0-FD644E5944D9}.Release|iPhone.Build.0 = Release|Any CPU
		{DBE1F833-6379-424E-A8E0-FD644E5944D9}.Release|iPhone.Deploy.0 = Release|Any CPU
		{DBE1F833-6379-424E-A8E0-FD644E5944D9}.Release|iPhoneSimulator.ActiveCfg = Release|Any CPU
		{DBE1F833-6379-424E-A8E0-FD644E5944D9}.Release|iPhoneSimulator.Build.0 = Release|Any CPU
		{DBE1F833-6379-424E-A8E0-FD644E5944D9}.Release|iPhoneSimulator.Deploy.0 = Release|Any CPU
		{DBE1F833-6379-424E-A8E0-FD644E5944D9}.Release|x64.ActiveCfg = Release|x64
		{DBE1F833-6379-424E-A8E0-FD644E5944D9}.Release|x64.Build.0 = Release|x64
		{DBE1F833-6379-424E-A8E0-FD644E5944D9}.Release|x64.Deploy.0 = Release|x64
		{DBE1F833-6379-424E-A8E0-FD644E5944D9}.Release|x86.ActiveCfg = Release|x86
		{DBE1F833-6379-424E-A8E0-FD644E5944D9}.Release|x86.Build.0 = Release|x86
		{DBE1F833-6379-424E-A8E0-FD644E5944D9}.Release|x86.Deploy.0 = Release|x86
		{7ED73292-8E52-41A6-999A-54EF695FAD14}.Ad-Hoc|Any CPU.ActiveCfg = Release|Any CPU
		{7ED73292-8E52-41A6-999A-54EF695FAD14}.Ad-Hoc|Any CPU.Build.0 = Release|Any CPU
		{7ED73292-8E52-41A6-999A-54EF695FAD14}.Ad-Hoc|ARM.ActiveCfg = Release|Any CPU
		{7ED73292-8E52-41A6-999A-54EF695FAD14}.Ad-Hoc|ARM.Build.0 = Release|Any CPU
		{7ED73292-8E52-41A6-999A-54EF695FAD14}.Ad-Hoc|iPhone.ActiveCfg = Release|Any CPU
		{7ED73292-8E52-41A6-999A-54EF695FAD14}.Ad-Hoc|iPhone.Build.0 = Release|Any CPU
		{7ED73292-8E52-41A6-999A-54EF695FAD14}.Ad-Hoc|iPhoneSimulator.ActiveCfg = Release|Any CPU
		{7ED73292-8E52-41A6-999A-54EF695FAD14}.Ad-Hoc|iPhoneSimulator.Build.0 = Release|Any CPU
		{7ED73292-8E52-41A6-999A-54EF695FAD14}.Ad-Hoc|x64.ActiveCfg = Release|Any CPU
		{7ED73292-8E52-41A6-999A-54EF695FAD14}.Ad-Hoc|x64.Build.0 = Release|Any CPU
		{7ED73292-8E52-41A6-999A-54EF695FAD14}.Ad-Hoc|x86.ActiveCfg = Release|Any CPU
		{7ED73292-8E52-41A6-999A-54EF695FAD14}.Ad-Hoc|x86.Build.0 = Release|Any CPU
		{7ED73292-8E52-41A6-999A-54EF695FAD14}.AppStore|Any CPU.ActiveCfg = Release|Any CPU
		{7ED73292-8E52-41A6-999A-54EF695FAD14}.AppStore|Any CPU.Build.0 = Release|Any CPU
		{7ED73292-8E52-41A6-999A-54EF695FAD14}.AppStore|ARM.ActiveCfg = Release|Any CPU
		{7ED73292-8E52-41A6-999A-54EF695FAD14}.AppStore|ARM.Build.0 = Release|Any CPU
		{7ED73292-8E52-41A6-999A-54EF695FAD14}.AppStore|iPhone.ActiveCfg = Release|Any CPU
		{7ED73292-8E52-41A6-999A-54EF695FAD14}.AppStore|iPhone.Build.0 = Release|Any CPU
		{7ED73292-8E52-41A6-999A-54EF695FAD14}.AppStore|iPhoneSimulator.ActiveCfg = Release|Any CPU
		{7ED73292-8E52-41A6-999A-54EF695FAD14}.AppStore|iPhoneSimulator.Build.0 = Release|Any CPU
		{7ED73292-8E52-41A6-999A-54EF695FAD14}.AppStore|x64.ActiveCfg = Release|Any CPU
		{7ED73292-8E52-41A6-999A-54EF695FAD14}.AppStore|x64.Build.0 = Release|Any CPU
		{7ED73292-8E52-41A6-999A-54EF695FAD14}.AppStore|x86.ActiveCfg = Release|Any CPU
		{7ED73292-8E52-41A6-999A-54EF695FAD14}.AppStore|x86.Build.0 = Release|Any CPU
		{7ED73292-8E52-41A6-999A-54EF695FAD14}.Debug|Any CPU.ActiveCfg = Debug|Any CPU
		{7ED73292-8E52-41A6-999A-54EF695FAD14}.Debug|Any CPU.Build.0 = Debug|Any CPU
		{7ED73292-8E52-41A6-999A-54EF695FAD14}.Debug|ARM.ActiveCfg = Debug|Any CPU
		{7ED73292-8E52-41A6-999A-54EF695FAD14}.Debug|ARM.Build.0 = Debug|Any CPU
		{7ED73292-8E52-41A6-999A-54EF695FAD14}.Debug|iPhone.ActiveCfg = Debug|Any CPU
		{7ED73292-8E52-41A6-999A-54EF695FAD14}.Debug|iPhone.Build.0 = Debug|Any CPU
		{7ED73292-8E52-41A6-999A-54EF695FAD14}.Debug|iPhoneSimulator.ActiveCfg = Debug|Any CPU
		{7ED73292-8E52-41A6-999A-54EF695FAD14}.Debug|iPhoneSimulator.Build.0 = Debug|Any CPU
		{7ED73292-8E52-41A6-999A-54EF695FAD14}.Debug|x64.ActiveCfg = Debug|Any CPU
		{7ED73292-8E52-41A6-999A-54EF695FAD14}.Debug|x64.Build.0 = Debug|Any CPU
		{7ED73292-8E52-41A6-999A-54EF695FAD14}.Debug|x86.ActiveCfg = Debug|Any CPU
		{7ED73292-8E52-41A6-999A-54EF695FAD14}.Debug|x86.Build.0 = Debug|Any CPU
		{7ED73292-8E52-41A6-999A-54EF695FAD14}.Release|Any CPU.ActiveCfg = Release|Any CPU
		{7ED73292-8E52-41A6-999A-54EF695FAD14}.Release|Any CPU.Build.0 = Release|Any CPU
		{7ED73292-8E52-41A6-999A-54EF695FAD14}.Release|ARM.ActiveCfg = Release|Any CPU
		{7ED73292-8E52-41A6-999A-54EF695FAD14}.Release|ARM.Build.0 = Release|Any CPU
		{7ED73292-8E52-41A6-999A-54EF695FAD14}.Release|iPhone.ActiveCfg = Release|Any CPU
		{7ED73292-8E52-41A6-999A-54EF695FAD14}.Release|iPhone.Build.0 = Release|Any CPU
		{7ED73292-8E52-41A6-999A-54EF695FAD14}.Release|iPhoneSimulator.ActiveCfg = Release|Any CPU
		{7ED73292-8E52-41A6-999A-54EF695FAD14}.Release|iPhoneSimulator.Build.0 = Release|Any CPU
		{7ED73292-8E52-41A6-999A-54EF695FAD14}.Release|x64.ActiveCfg = Release|Any CPU
		{7ED73292-8E52-41A6-999A-54EF695FAD14}.Release|x64.Build.0 = Release|Any CPU
		{7ED73292-8E52-41A6-999A-54EF695FAD14}.Release|x86.ActiveCfg = Release|Any CPU
		{7ED73292-8E52-41A6-999A-54EF695FAD14}.Release|x86.Build.0 = Release|Any CPU
	EndGlobalSection
	GlobalSection(SolutionProperties) = preSolution
		HideSolutionNode = FALSE
	EndGlobalSection
EndGlobal
